
Microsoft Visual Studio Solution File, Format Version 12.00
# Visual Studio Version 17
VisualStudioVersion = 17.9.34701.34
MinimumVisualStudioVersion = 10.0.40219.1
Project("{FAE04EC0-301F-11D3-BF4B-00C04F79EFBC}") = "firebaseloginauth", "firebaseloginauth\firebaseloginauth.csproj", "{A870FC34-2482-494A-9962-2804C7CA466B}"
EndProject
Global
	GlobalSection(SolutionConfigurationPlatforms) = preSolution
		Debug|Any CPU = Debug|Any CPU
		Release|Any CPU = Release|Any CPU
	EndGlobalSection
	GlobalSection(ProjectConfigurationPlatforms) = postSolution
		{A870FC34-2482-494A-9962-2804C7CA466B}.Debug|Any CPU.ActiveCfg = Debug|Any CPU
		{A870FC34-2482-494A-9962-2804C7CA466B}.Debug|Any CPU.Build.0 = Debug|Any CPU
		{A870FC34-2482-494A-9962-2804C7CA466B}.Release|Any CPU.ActiveCfg = Release|Any CPU
		{A870FC34-2482-494A-9962-2804C7CA466B}.Release|Any CPU.Build.0 = Release|Any CPU
	EndGlobalSection
	GlobalSection(SolutionProperties) = preSolution
		HideSolutionNode = FALSE
	EndGlobalSection
	GlobalSection(ExtensibilityGlobals) = postSolution
		SolutionGuid = {AFA008E5-765C-4F8B-BF6A-10508CBD9E0B}
	EndGlobalSection
EndGlobal
